
Microsoft Visual Studio Solution File, Format Version 12.00
# Visual Studio 15
VisualStudioVersion = 15.0.27703.2047
MinimumVisualStudioVersion = 10.0.40219.1
Project("{FAE04EC0-301F-11D3-BF4B-00C04F79EFBC}") = "AppEjemplo.Android", "AppEjemplo\AppEjemplo.Android\AppEjemplo.Android.csproj", "{9B32D5AB-A8E0-435E-A4AF-11129FAC8800}"
EndProject
Project("{FAE04EC0-301F-11D3-BF4B-00C04F79EFBC}") = "AppEjemplo.iOS", "AppEjemplo\AppEjemplo.iOS\AppEjemplo.iOS.csproj", "{8935FA5E-75EE-4123-8A7C-4A7DE5DA2ADA}"
EndProject
Project("{FAE04EC0-301F-11D3-BF4B-00C04F79EFBC}") = "AppEjemplo", "AppEjemplo\AppEjemplo\AppEjemplo.csproj", "{6D9A2F1B-0A29-4764-8CC9-DD3F4DBA1D42}"
EndProject
Global
	GlobalSection(SolutionConfigurationPlatforms) = preSolution
		Ad-Hoc|Any CPU = Ad-Hoc|Any CPU
		Ad-Hoc|iPhone = Ad-Hoc|iPhone
		Ad-Hoc|iPhoneSimulator = Ad-Hoc|iPhoneSimulator
		AppStore|Any CPU = AppStore|Any CPU
		AppStore|iPhone = AppStore|iPhone
		AppStore|iPhoneSimulator = AppStore|iPhoneSimulator
		Debug|Any CPU = Debug|Any CPU
		Debug|iPhone = Debug|iPhone
		Debug|iPhoneSimulator = Debug|iPhoneSimulator
		Release|Any CPU = Release|Any CPU
		Release|iPhone = Release|iPhone
		Release|iPhoneSimulator = Release|iPhoneSimulator
	EndGlobalSection
	GlobalSection(ProjectConfigurationPlatforms) = postSolution
		{9B32D5AB-A8E0-435E-A4AF-11129FAC8800}.Ad-Hoc|Any CPU.ActiveCfg = Release|Any CPU
		{9B32D5AB-A8E0-435E-A4AF-11129FAC8800}.Ad-Hoc|Any CPU.Build.0 = Release|Any CPU
		{9B32D5AB-A8E0-435E-A4AF-11129FAC8800}.Ad-Hoc|Any CPU.Deploy.0 = Release|Any CPU
		{9B32D5AB-A8E0-435E-A4AF-11129FAC8800}.Ad-Hoc|iPhone.ActiveCfg = Release|Any CPU
		{9B32D5AB-A8E0-435E-A4AF-11129FAC8800}.Ad-Hoc|iPhone.Build.0 = Release|Any CPU
		{9B32D5AB-A8E0-435E-A4AF-11129FAC8800}.Ad-Hoc|iPhone.Deploy.0 = Release|Any CPU
		{9B32D5AB-A8E0-435E-A4AF-11129FAC8800}.Ad-Hoc|iPhoneSimulator.ActiveCfg = Release|Any CPU
		{9B32D5AB-A8E0-435E-A4AF-11129FAC8800}.Ad-Hoc|iPhoneSimulator.Build.0 = Release|Any CPU
		{9B32D5AB-A8E0-435E-A4AF-11129FAC8800}.Ad-Hoc|iPhoneSimulator.Deploy.0 = Release|Any CPU
		{9B32D5AB-A8E0-435E-A4AF-11129FAC8800}.AppStore|Any CPU.ActiveCfg = Release|Any CPU
		{9B32D5AB-A8E0-435E-A4AF-11129FAC8800}.AppStore|Any CPU.Build.0 = Release|Any CPU
		{9B32D5AB-A8E0-435E-A4AF-11129FAC8800}.AppStore|Any CPU.Deploy.0 = Release|Any CPU
		{9B32D5AB-A8E0-435E-A4AF-11129FAC8800}.AppStore|iPhone.ActiveCfg = Release|Any CPU
		{9B32D5AB-A8E0-435E-A4AF-11129FAC8800}.AppStore|iPhone.Build.0 = Release|Any CPU
		{9B32D5AB-A8E0-435E-A4AF-11129FAC8800}.AppStore|iPhone.Deploy.0 = Release|Any CPU
		{9B32D5AB-A8E0-435E-A4AF-11129FAC8800}.AppStore|iPhoneSimulator.ActiveCfg = Release|Any CPU
		{9B32D5AB-A8E0-435E-A4AF-11129FAC8800}.AppStore|iPhoneSimulator.Build.0 = Release|Any CPU
		{9B32D5AB-A8E0-435E-A4AF-11129FAC8800}.AppStore|iPhoneSimulator.Deploy.0 = Release|Any CPU
		{9B32D5AB-A8E0-435E-A4AF-11129FAC8800}.Debug|Any CPU.ActiveCfg = Debug|Any CPU
		{9B32D5AB-A8E0-435E-A4AF-11129FAC8800}.Debug|Any CPU.Build.0 = Debug|Any CPU
		{9B32D5AB-A8E0-435E-A4AF-11129FAC8800}.Debug|Any CPU.Deploy.0 = Debug|Any CPU
		{9B32D5AB-A8E0-435E-A4AF-11129FAC8800}.Debug|iPhone.ActiveCfg = Debug|Any CPU
		{9B32D5AB-A8E0-435E-A4AF-11129FAC8800}.Debug|iPhone.Build.0 = Debug|Any CPU
		{9B32D5AB-A8E0-435E-A4AF-11129FAC8800}.Debug|iPhone.Deploy.0 = Debug|Any CPU
		{9B32D5AB-A8E0-435E-A4AF-11129FAC8800}.Debug|iPhoneSimulator.ActiveCfg = Debug|Any CPU
		{9B32D5AB-A8E0-435E-A4AF-11129FAC8800}.Debug|iPhoneSimulator.Build.0 = Debug|Any CPU
		{9B32D5AB-A8E0-435E-A4AF-11129FAC8800}.Debug|iPhoneSimulator.Deploy.0 = Debug|Any CPU
		{9B32D5AB-A8E0-435E-A4AF-11129FAC8800}.Release|Any CPU.ActiveCfg = Release|Any CPU
		{9B32D5AB-A8E0-435E-A4AF-11129FAC8800}.Release|Any CPU.Build.0 = Release|Any CPU
		{9B32D5AB-A8E0-435E-A4AF-11129FAC8800}.Release|Any CPU.Deploy.0 = Release|Any CPU
		{9B32D5AB-A8E0-435E-A4AF-11129FAC8800}.Release|iPhone.ActiveCfg = Release|Any CPU
		{9B32D5AB-A8E0-435E-A4AF-11129FAC8800}.Release|iPhone.Build.0 = Release|Any CPU
		{9B32D5AB-A8E0-435E-A4AF-11129FAC8800}.Release|iPhone.Deploy.0 = Release|Any CPU
		{9B32D5AB-A8E0-435E-A4AF-11129FAC8800}.Release|iPhoneSimulator.ActiveCfg = Release|Any CPU
		{9B32D5AB-A8E0-435E-A4AF-11129FAC8800}.Release|iPhoneSimulator.Build.0 = Release|Any CPU
		{9B32D5AB-A8E0-435E-A4AF-11129FAC8800}.Release|iPhoneSimulator.Deploy.0 = Release|Any CPU
		{8935FA5E-75EE-4123-8A7C-4A7DE5DA2ADA}.Ad-Hoc|Any CPU.ActiveCfg = Ad-Hoc|iPhone
		{8935FA5E-75EE-4123-8A7C-4A7DE5DA2ADA}.Ad-Hoc|Any CPU.Build.0 = Ad-Hoc|iPhone
		{8935FA5E-75EE-4123-8A7C-4A7DE5DA2ADA}.Ad-Hoc|Any CPU.Deploy.0 = Ad-Hoc|iPhone
		{8935FA5E-75EE-4123-8A7C-4A7DE5DA2ADA}.Ad-Hoc|iPhone.ActiveCfg = Ad-Hoc|iPhone
		{8935FA5E-75EE-4123-8A7C-4A7DE5DA2ADA}.Ad-Hoc|iPhone.Build.0 = Ad-Hoc|iPhone
		{8935FA5E-75EE-4123-8A7C-4A7DE5DA2ADA}.Ad-Hoc|iPhone.Deploy.0 = Ad-Hoc|iPhone
		{8935FA5E-75EE-4123-8A7C-4A7DE5DA2ADA}.Ad-Hoc|iPhoneSimulator.ActiveCfg = Ad-Hoc|iPhoneSimulator
		{8935FA5E-75EE-4123-8A7C-4A7DE5DA2ADA}.Ad-Hoc|iPhoneSimulator.Build.0 = Ad-Hoc|iPhoneSimulator
		{8935FA5E-75EE-4123-8A7C-4A7DE5DA2ADA}.Ad-Hoc|iPhoneSimulator.Deploy.0 = Ad-Hoc|iPhoneSimulator
		{8935FA5E-75EE-4123-8A7C-4A7DE5DA2ADA}.AppStore|Any CPU.ActiveCfg = AppStore|iPhone
		{8935FA5E-75EE-4123-8A7C-4A7DE5DA2ADA}.AppStore|Any CPU.Build.0 = AppStore|iPhone
		{8935FA5E-75EE-4123-8A7C-4A7DE5DA2ADA}.AppStore|Any CPU.Deploy.0 = AppStore|iPhone
		{8935FA5E-75EE-4123-8A7C-4A7DE5DA2ADA}.AppStore|iPhone.ActiveCfg = AppStore|iPhone
		{8935FA5E-75EE-4123-8A7C-4A7DE5DA2ADA}.AppStore|iPhone.Build.0 = AppStore|iPhone
		{8935FA5E-75EE-4123-8A7C-4A7DE5DA2ADA}.AppStore|iPhone.Deploy.0 = AppStore|iPhone
		{8935FA5E-75EE-4123-8A7C-4A7DE5DA2ADA}.AppStore|iPhoneSimulator.ActiveCfg = AppStore|iPhoneSimulator
		{8935FA5E-75EE-4123-8A7C-4A7DE5DA2ADA}.AppStore|iPhoneSimulator.Build.0 = AppStore|iPhoneSimulator
		{8935FA5E-75EE-4123-8A7C-4A7DE5DA2ADA}.AppStore|iPhoneSimulator.Deploy.0 = AppStore|iPhoneSimulator
		{8935FA5E-75EE-4123-8A7C-4A7DE5DA2ADA}.Debug|Any CPU.ActiveCfg = Debug|iPhoneSimulator
		{8935FA5E-75EE-4123-8A7C-4A7DE5DA2ADA}.Debug|Any CPU.Build.0 = Debug|iPhoneSimulator
		{8935FA5E-75EE-4123-8A7C-4A7DE5DA2ADA}.Debug|Any CPU.Deploy.0 = Debug|iPhoneSimulator
		{8935FA5E-75EE-4123-8A7C-4A7DE5DA2ADA}.Debug|iPhone.ActiveCfg = Debug|iPhone
		{8935FA5E-75EE-4123-8A7C-4A7DE5DA2ADA}.Debug|iPhone.Build.0 = Debug|iPhone
		{8935FA5E-75EE-4123-8A7C-4A7DE5DA2ADA}.Debug|iPhone.Deploy.0 = Debug|iPhone
		{8935FA5E-75EE-4123-8A7C-4A7DE5DA2ADA}.Debug|iPhoneSimulator.ActiveCfg = Debug|iPhoneSimulator
		{8935FA5E-75EE-4123-8A7C-4A7DE5DA2ADA}.Debug|iPhoneSimulator.Build.0 = Debug|iPhoneSimulator
		{8935FA5E-75EE-4123-8A7C-4A7DE5DA2ADA}.Debug|iPhoneSimulator.Deploy.0 = Debug|iPhoneSimulator
		{8935FA5E-75EE-4123-8A7C-4A7DE5DA2ADA}.Release|Any CPU.ActiveCfg = Release|iPhone
		{8935FA5E-75EE-4123-8A7C-4A7DE5DA2ADA}.Release|Any CPU.Build.0 = Release|iPhone
		{8935FA5E-75EE-4123-8A7C-4A7DE5DA2ADA}.Release|Any CPU.Deploy.0 = Release|iPhone
		{8935FA5E-75EE-4123-8A7C-4A7DE5DA2ADA}.Release|iPhone.ActiveCfg = Release|iPhone
		{8935FA5E-75EE-4123-8A7C-4A7DE5DA2ADA}.Release|iPhone.Build.0 = Release|iPhone
		{8935FA5E-75EE-4123-8A7C-4A7DE5DA2ADA}.Release|iPhone.Deploy.0 = Release|iPhone
		{8935FA5E-75EE-4123-8A7C-4A7DE5DA2ADA}.Release|iPhoneSimulator.ActiveCfg = Release|iPhoneSimulator
		{8935FA5E-75EE-4123-8A7C-4A7DE5DA2ADA}.Release|iPhoneSimulator.Build.0 = Release|iPhoneSimulator
		{8935FA5E-75EE-4123-8A7C-4A7DE5DA2ADA}.Release|iPhoneSimulator.Deploy.0 = Release|iPhoneSimulator
		{6D9A2F1B-0A29-4764-8CC9-DD3F4DBA1D42}.Ad-Hoc|Any CPU.ActiveCfg = Debug|Any CPU
		{6D9A2F1B-0A29-4764-8CC9-DD3F4DBA1D42}.Ad-Hoc|Any CPU.Build.0 = Debug|Any CPU
		{6D9A2F1B-0A29-4764-8CC9-DD3F4DBA1D42}.Ad-Hoc|Any CPU.Deploy.0 = Debug|Any CPU
		{6D9A2F1B-0A29-4764-8CC9-DD3F4DBA1D42}.Ad-Hoc|iPhone.ActiveCfg = Debug|Any CPU
		{6D9A2F1B-0A29-4764-8CC9-DD3F4DBA1D42}.Ad-Hoc|iPhone.Build.0 = Debug|Any CPU
		{6D9A2F1B-0A29-4764-8CC9-DD3F4DBA1D42}.Ad-Hoc|iPhone.Deploy.0 = Debug|Any CPU
		{6D9A2F1B-0A29-4764-8CC9-DD3F4DBA1D42}.Ad-Hoc|iPhoneSimulator.ActiveCfg = Debug|Any CPU
		{6D9A2F1B-0A29-4764-8CC9-DD3F4DBA1D42}.Ad-Hoc|iPhoneSimulator.Build.0 = Debug|Any CPU
		{6D9A2F1B-0A29-4764-8CC9-DD3F4DBA1D42}.Ad-Hoc|iPhoneSimulator.Deploy.0 = Debug|Any CPU
		{6D9A2F1B-0A29-4764-8CC9-DD3F4DBA1D42}.AppStore|Any CPU.ActiveCfg = Debug|Any CPU
		{6D9A2F1B-0A29-4764-8CC9-DD3F4DBA1D42}.AppStore|Any CPU.Build.0 = Debug|Any CPU
		{6D9A2F1B-0A29-4764-8CC9-DD3F4DBA1D42}.AppStore|Any CPU.Deploy.0 = Debug|Any CPU
		{6D9A2F1B-0A29-4764-8CC9-DD3F4DBA1D42}.AppStore|iPhone.ActiveCfg = Debug|Any CPU
		{6D9A2F1B-0A29-4764-8CC9-DD3F4DBA1D42}.AppStore|iPhone.Build.0 = Debug|Any CPU
		{6D9A2F1B-0A29-4764-8CC9-DD3F4DBA1D42}.AppStore|iPhone.Deploy.0 = Debug|Any CPU
		{6D9A2F1B-0A29-4764-8CC9-DD3F4DBA1D42}.AppStore|iPhoneSimulator.ActiveCfg = Debug|Any CPU
		{6D9A2F1B-0A29-4764-8CC9-DD3F4DBA1D42}.AppStore|iPhoneSimulator.Build.0 = Debug|Any CPU
		{6D9A2F1B-0A29-4764-8CC9-DD3F4DBA1D42}.AppStore|iPhoneSimulator.Deploy.0 = Debug|Any CPU
		{6D9A2F1B-0A29-4764-8CC9-DD3F4DBA1D42}.Debug|Any CPU.ActiveCfg = Debug|Any CPU
		{6D9A2F1B-0A29-4764-8CC9-DD3F4DBA1D42}.Debug|Any CPU.Build.0 = Debug|Any CPU
		{6D9A2F1B-0A29-4764-8CC9-DD3F4DBA1D42}.Debug|Any CPU.Deploy.0 = Debug|Any CPU
		{6D9A2F1B-0A29-4764-8CC9-DD3F4DBA1D42}.Debug|iPhone.ActiveCfg = Debug|Any CPU
		{6D9A2F1B-0A29-4764-8CC9-DD3F4DBA1D42}.Debug|iPhone.Build.0 = Debug|Any CPU
		{6D9A2F1B-0A29-4764-8CC9-DD3F4DBA1D42}.Debug|iPhone.Deploy.0 = Debug|Any CPU
		{6D9A2F1B-0A29-4764-8CC9-DD3F4DBA1D42}.Debug|iPhoneSimulator.ActiveCfg = Debug|Any CPU
		{6D9A2F1B-0A29-4764-8CC9-DD3F4DBA1D42}.Debug|iPhoneSimulator.Build.0 = Debug|Any CPU
		{6D9A2F1B-0A29-4764-8CC9-DD3F4DBA1D42}.Debug|iPhoneSimulator.Deploy.0 = Debug|Any CPU
		{6D9A2F1B-0A29-4764-8CC9-DD3F4DBA1D42}.Release|Any CPU.ActiveCfg = Release|Any CPU
		{6D9A2F1B-0A29-4764-8CC9-DD3F4DBA1D42}.Release|Any CPU.Build.0 = Release|Any CPU
		{6D9A2F1B-0A29-4764-8CC9-DD3F4DBA1D42}.Release|Any CPU.Deploy.0 = Release|Any CPU
		{6D9A2F1B-0A29-4764-8CC9-DD3F4DBA1D42}.Release|iPhone.ActiveCfg = Release|Any CPU
		{6D9A2F1B-0A29-4764-8CC9-DD3F4DBA1D42}.Release|iPhone.Build.0 = Release|Any CPU
		{6D9A2F1B-0A29-4764-8CC9-DD3F4DBA1D42}.Release|iPhone.Deploy.0 = Release|Any CPU
		{6D9A2F1B-0A29-4764-8CC9-DD3F4DBA1D42}.Release|iPhoneSimulator.ActiveCfg = Release|Any CPU
		{6D9A2F1B-0A29-4764-8CC9-DD3F4DBA1D42}.Release|iPhoneSimulator.Build.0 = Release|Any CPU
		{6D9A2F1B-0A29-4764-8CC9-DD3F4DBA1D42}.Release|iPhoneSimulator.Deploy.0 = Release|Any CPU
	EndGlobalSection
	GlobalSection(SolutionProperties) = preSolution
		HideSolutionNode = FALSE
	EndGlobalSection
	GlobalSection(ExtensibilityGlobals) = postSolution
		SolutionGuid = {C4868977-9FCE-403C-9E03-487BDD9AAD11}
	EndGlobalSection
EndGlobal
